// !$*UTF8*$!
{
	archiveVersion = 1;
	classes = {
	};
	objectVersion = 56;
	objects = {

/* Begin PBXBuildFile section */
		0E08F13C2BAAF94400C16073 /* ImageUploader.swift in Sources */ = {isa = PBXBuildFile; fileRef = 0E08F13B2BAAF94400C16073 /* ImageUploader.swift */; };
		0E08F13F2BAB01A400C16073 /* Kingfisher in Frameworks */ = {isa = PBXBuildFile; productRef = 0E08F13E2BAB01A400C16073 /* Kingfisher */; };
		0E08F1412BAB01F100C16073 /* CircularProfileImageView.swift in Sources */ = {isa = PBXBuildFile; fileRef = 0E08F1402BAB01F100C16073 /* CircularProfileImageView.swift */; };
		0E08F1432BAB1D8E00C16073 /* FeedViewModel.swift in Sources */ = {isa = PBXBuildFile; fileRef = 0E08F1422BAB1D8E00C16073 /* FeedViewModel.swift */; };
		0E08F1452BAB2E6600C16073 /* PostService.swift in Sources */ = {isa = PBXBuildFile; fileRef = 0E08F1442BAB2E6600C16073 /* PostService.swift */; };
		0E08F1492BAB36B500C16073 /* PostGridViewModel.swift in Sources */ = {isa = PBXBuildFile; fileRef = 0E08F1482BAB36B500C16073 /* PostGridViewModel.swift */; };
		0E2FCC8B2BA846AF0068402E /* Instagram2_0App.swift in Sources */ = {isa = PBXBuildFile; fileRef = 0E2FCC8A2BA846AF0068402E /* Instagram2_0App.swift */; };
		0E2FCC8D2BA846AF0068402E /* ContentView.swift in Sources */ = {isa = PBXBuildFile; fileRef = 0E2FCC8C2BA846AF0068402E /* ContentView.swift */; };
		0E2FCC8F2BA846B10068402E /* Assets.xcassets in Resources */ = {isa = PBXBuildFile; fileRef = 0E2FCC8E2BA846B10068402E /* Assets.xcassets */; };
		0E2FCC922BA846B10068402E /* Preview Assets.xcassets in Resources */ = {isa = PBXBuildFile; fileRef = 0E2FCC912BA846B10068402E /* Preview Assets.xcassets */; };
		0E2FCCA62BA848590068402E /* MainTabView.swift in Sources */ = {isa = PBXBuildFile; fileRef = 0E2FCCA52BA848590068402E /* MainTabView.swift */; };
		0E2FCCA82BA849840068402E /* ProfileView.swift in Sources */ = {isa = PBXBuildFile; fileRef = 0E2FCCA72BA849840068402E /* ProfileView.swift */; };
		0E2FCCAB2BA852670068402E /* UserStatViews.swift in Sources */ = {isa = PBXBuildFile; fileRef = 0E2FCCAA2BA852670068402E /* UserStatViews.swift */; };
		0E2FCCAD2BA859FD0068402E /* FeedView.swift in Sources */ = {isa = PBXBuildFile; fileRef = 0E2FCCAC2BA859FD0068402E /* FeedView.swift */; };
		0E2FCCAF2BA85A0A0068402E /* FeedCell.swift in Sources */ = {isa = PBXBuildFile; fileRef = 0E2FCCAE2BA85A0A0068402E /* FeedCell.swift */; };
		0E2FCCB12BA861310068402E /* SearchView.swift in Sources */ = {isa = PBXBuildFile; fileRef = 0E2FCCB02BA861300068402E /* SearchView.swift */; };
		0E2FCCB32BA864F40068402E /* LoginView.swift in Sources */ = {isa = PBXBuildFile; fileRef = 0E2FCCB22BA864F40068402E /* LoginView.swift */; };
		0E2FCCB52BA86EC80068402E /* AddEmail.swift in Sources */ = {isa = PBXBuildFile; fileRef = 0E2FCCB42BA86EC80068402E /* AddEmail.swift */; };
		0E2FCCB72BA875E10068402E /* IGTextFieldModeifier.swift in Sources */ = {isa = PBXBuildFile; fileRef = 0E2FCCB62BA875E10068402E /* IGTextFieldModeifier.swift */; };
		0E2FCCB92BA876F20068402E /* CreateUsernameView.swift in Sources */ = {isa = PBXBuildFile; fileRef = 0E2FCCB82BA876F20068402E /* CreateUsernameView.swift */; };
		0E2FCCBB2BA879AD0068402E /* CreatePasswordView.swift in Sources */ = {isa = PBXBuildFile; fileRef = 0E2FCCBA2BA879AD0068402E /* CreatePasswordView.swift */; };
		0E2FCCBD2BA87ABA0068402E /* CompleteSignUpView.swift in Sources */ = {isa = PBXBuildFile; fileRef = 0E2FCCBC2BA87ABA0068402E /* CompleteSignUpView.swift */; };
		0E2FCCBF2BA87D380068402E /* User.swift in Sources */ = {isa = PBXBuildFile; fileRef = 0E2FCCBE2BA87D380068402E /* User.swift */; };
		0E2FCCC12BA89FA60068402E /* CurrentUserProfileView.swift in Sources */ = {isa = PBXBuildFile; fileRef = 0E2FCCC02BA89FA60068402E /* CurrentUserProfileView.swift */; };
		0E2FCCC32BA8A29E0068402E /* Post.swift in Sources */ = {isa = PBXBuildFile; fileRef = 0E2FCCC22BA8A29E0068402E /* Post.swift */; };
		0E2FCCC52BA8AA6C0068402E /* PostGridView.swift in Sources */ = {isa = PBXBuildFile; fileRef = 0E2FCCC42BA8AA6C0068402E /* PostGridView.swift */; };
		0E2FCCC72BA8ACEF0068402E /* ProfileHeaderView.swift in Sources */ = {isa = PBXBuildFile; fileRef = 0E2FCCC62BA8ACEF0068402E /* ProfileHeaderView.swift */; };
		0E2FCCCB2BA8B4C40068402E /* UploadPostView.swift in Sources */ = {isa = PBXBuildFile; fileRef = 0E2FCCCA2BA8B4C40068402E /* UploadPostView.swift */; };
		0E2FCCCD2BA8B7580068402E /* UploadPostViewModel.swift in Sources */ = {isa = PBXBuildFile; fileRef = 0E2FCCCC2BA8B7580068402E /* UploadPostViewModel.swift */; };
		0E2FCCCF2BA8CACA0068402E /* GoogleService-Info.plist in Resources */ = {isa = PBXBuildFile; fileRef = 0E2FCCCE2BA8CAC90068402E /* GoogleService-Info.plist */; };
		0E2FCCD22BA8CC240068402E /* FirebaseAuth in Frameworks */ = {isa = PBXBuildFile; productRef = 0E2FCCD12BA8CC240068402E /* FirebaseAuth */; };
		0E2FCCD42BA8CC240068402E /* FirebaseFirestore in Frameworks */ = {isa = PBXBuildFile; productRef = 0E2FCCD32BA8CC240068402E /* FirebaseFirestore */; };
		0E2FCCD62BA8CC240068402E /* FirebaseFirestoreSwift in Frameworks */ = {isa = PBXBuildFile; productRef = 0E2FCCD52BA8CC240068402E /* FirebaseFirestoreSwift */; };
		0E2FCCD82BA8CC240068402E /* FirebaseStorage in Frameworks */ = {isa = PBXBuildFile; productRef = 0E2FCCD72BA8CC240068402E /* FirebaseStorage */; };
		0E2FCCDC2BA8CF3E0068402E /* AuthService.swift in Sources */ = {isa = PBXBuildFile; fileRef = 0E2FCCDB2BA8CF3E0068402E /* AuthService.swift */; };
		0E2FCCE02BA8D07E0068402E /* ContentViewModel.swift in Sources */ = {isa = PBXBuildFile; fileRef = 0E2FCCDF2BA8D07E0068402E /* ContentViewModel.swift */; };
		0E98745D2BA99A5B009E74A7 /* RegistrationViewModel.swift in Sources */ = {isa = PBXBuildFile; fileRef = 0E98745C2BA99A5B009E74A7 /* RegistrationViewModel.swift */; };
		0E98745F2BA9AFB2009E74A7 /* LoginViewModel.swift in Sources */ = {isa = PBXBuildFile; fileRef = 0E98745E2BA9AFB2009E74A7 /* LoginViewModel.swift */; };
		0E9874612BA9C5FA009E74A7 /* UserService.swift in Sources */ = {isa = PBXBuildFile; fileRef = 0E9874602BA9C5FA009E74A7 /* UserService.swift */; };
		0E9874632BA9C6D9009E74A7 /* SearchViewModel.swift in Sources */ = {isa = PBXBuildFile; fileRef = 0E9874622BA9C6D9009E74A7 /* SearchViewModel.swift */; };
		0E9874672BA9E136009E74A7 /* EditProfieView.swift in Sources */ = {isa = PBXBuildFile; fileRef = 0E9874662BA9E136009E74A7 /* EditProfieView.swift */; };
		0E98746C2BA9EB6C009E74A7 /* EditProfileViewModel.swift in Sources */ = {isa = PBXBuildFile; fileRef = 0E98746B2BA9EB6C009E74A7 /* EditProfileViewModel.swift */; };
/* End PBXBuildFile section */

/* Begin PBXFileReference section */
		0E08F13B2BAAF94400C16073 /* ImageUploader.swift */ = {isa = PBXFileReference; lastKnownFileType = sourcecode.swift; path = ImageUploader.swift; sourceTree = "<group>"; };
		0E08F1402BAB01F100C16073 /* CircularProfileImageView.swift */ = {isa = PBXFileReference; lastKnownFileType = sourcecode.swift; path = CircularProfileImageView.swift; sourceTree = "<group>"; };
		0E08F1422BAB1D8E00C16073 /* FeedViewModel.swift */ = {isa = PBXFileReference; lastKnownFileType = sourcecode.swift; path = FeedViewModel.swift; sourceTree = "<group>"; };
		0E08F1442BAB2E6600C16073 /* PostService.swift */ = {isa = PBXFileReference; lastKnownFileType = sourcecode.swift; path = PostService.swift; sourceTree = "<group>"; };
		0E08F1482BAB36B500C16073 /* PostGridViewModel.swift */ = {isa = PBXFileReference; lastKnownFileType = sourcecode.swift; path = PostGridViewModel.swift; sourceTree = "<group>"; };
		0E2FCC872BA846AF0068402E /* Instagram2.0.app */ = {isa = PBXFileReference; explicitFileType = wrapper.application; includeInIndex = 0; path = Instagram2.0.app; sourceTree = BUILT_PRODUCTS_DIR; };
		0E2FCC8A2BA846AF0068402E /* Instagram2_0App.swift */ = {isa = PBXFileReference; lastKnownFileType = sourcecode.swift; path = Instagram2_0App.swift; sourceTree = "<group>"; };
		0E2FCC8C2BA846AF0068402E /* ContentView.swift */ = {isa = PBXFileReference; lastKnownFileType = sourcecode.swift; path = ContentView.swift; sourceTree = "<group>"; };
		0E2FCC8E2BA846B10068402E /* Assets.xcassets */ = {isa = PBXFileReference; lastKnownFileType = folder.assetcatalog; path = Assets.xcassets; sourceTree = "<group>"; };
		0E2FCC912BA846B10068402E /* Preview Assets.xcassets */ = {isa = PBXFileReference; lastKnownFileType = folder.assetcatalog; path = "Preview Assets.xcassets"; sourceTree = "<group>"; };
		0E2FCCA52BA848590068402E /* MainTabView.swift */ = {isa = PBXFileReference; lastKnownFileType = sourcecode.swift; path = MainTabView.swift; sourceTree = "<group>"; };
		0E2FCCA72BA849840068402E /* ProfileView.swift */ = {isa = PBXFileReference; lastKnownFileType = sourcecode.swift; path = ProfileView.swift; sourceTree = "<group>"; };
		0E2FCCAA2BA852670068402E /* UserStatViews.swift */ = {isa = PBXFileReference; lastKnownFileType = sourcecode.swift; path = UserStatViews.swift; sourceTree = "<group>"; };
		0E2FCCAC2BA859FD0068402E /* FeedView.swift */ = {isa = PBXFileReference; lastKnownFileType = sourcecode.swift; path = FeedView.swift; sourceTree = "<group>"; };
		0E2FCCAE2BA85A0A0068402E /* FeedCell.swift */ = {isa = PBXFileReference; lastKnownFileType = sourcecode.swift; path = FeedCell.swift; sourceTree = "<group>"; };
		0E2FCCB02BA861300068402E /* SearchView.swift */ = {isa = PBXFileReference; lastKnownFileType = sourcecode.swift; path = SearchView.swift; sourceTree = "<group>"; };
		0E2FCCB22BA864F40068402E /* LoginView.swift */ = {isa = PBXFileReference; lastKnownFileType = sourcecode.swift; path = LoginView.swift; sourceTree = "<group>"; };
		0E2FCCB42BA86EC80068402E /* AddEmail.swift */ = {isa = PBXFileReference; lastKnownFileType = sourcecode.swift; path = AddEmail.swift; sourceTree = "<group>"; };
		0E2FCCB62BA875E10068402E /* IGTextFieldModeifier.swift */ = {isa = PBXFileReference; lastKnownFileType = sourcecode.swift; path = IGTextFieldModeifier.swift; sourceTree = "<group>"; };
		0E2FCCB82BA876F20068402E /* CreateUsernameView.swift */ = {isa = PBXFileReference; lastKnownFileType = sourcecode.swift; path = CreateUsernameView.swift; sourceTree = "<group>"; };
		0E2FCCBA2BA879AD0068402E /* CreatePasswordView.swift */ = {isa = PBXFileReference; lastKnownFileType = sourcecode.swift; path = CreatePasswordView.swift; sourceTree = "<group>"; };
		0E2FCCBC2BA87ABA0068402E /* CompleteSignUpView.swift */ = {isa = PBXFileReference; lastKnownFileType = sourcecode.swift; path = CompleteSignUpView.swift; sourceTree = "<group>"; };
		0E2FCCBE2BA87D380068402E /* User.swift */ = {isa = PBXFileReference; lastKnownFileType = sourcecode.swift; path = User.swift; sourceTree = "<group>"; };
		0E2FCCC02BA89FA60068402E /* CurrentUserProfileView.swift */ = {isa = PBXFileReference; lastKnownFileType = sourcecode.swift; path = CurrentUserProfileView.swift; sourceTree = "<group>"; };
		0E2FCCC22BA8A29E0068402E /* Post.swift */ = {isa = PBXFileReference; lastKnownFileType = sourcecode.swift; path = Post.swift; sourceTree = "<group>"; };
		0E2FCCC42BA8AA6C0068402E /* PostGridView.swift */ = {isa = PBXFileReference; lastKnownFileType = sourcecode.swift; path = PostGridView.swift; sourceTree = "<group>"; };
		0E2FCCC62BA8ACEF0068402E /* ProfileHeaderView.swift */ = {isa = PBXFileReference; lastKnownFileType = sourcecode.swift; path = ProfileHeaderView.swift; sourceTree = "<group>"; };
		0E2FCCCA2BA8B4C40068402E /* UploadPostView.swift */ = {isa = PBXFileReference; lastKnownFileType = sourcecode.swift; path = UploadPostView.swift; sourceTree = "<group>"; };
		0E2FCCCC2BA8B7580068402E /* UploadPostViewModel.swift */ = {isa = PBXFileReference; lastKnownFileType = sourcecode.swift; path = UploadPostViewModel.swift; sourceTree = "<group>"; };
		0E2FCCCE2BA8CAC90068402E /* GoogleService-Info.plist */ = {isa = PBXFileReference; fileEncoding = 4; lastKnownFileType = text.plist.xml; path = "GoogleService-Info.plist"; sourceTree = "<group>"; };
		0E2FCCDB2BA8CF3E0068402E /* AuthService.swift */ = {isa = PBXFileReference; lastKnownFileType = sourcecode.swift; path = AuthService.swift; sourceTree = "<group>"; };
		0E2FCCDF2BA8D07E0068402E /* ContentViewModel.swift */ = {isa = PBXFileReference; lastKnownFileType = sourcecode.swift; path = ContentViewModel.swift; sourceTree = "<group>"; };
		0E98745C2BA99A5B009E74A7 /* RegistrationViewModel.swift */ = {isa = PBXFileReference; lastKnownFileType = sourcecode.swift; path = RegistrationViewModel.swift; sourceTree = "<group>"; };
		0E98745E2BA9AFB2009E74A7 /* LoginViewModel.swift */ = {isa = PBXFileReference; lastKnownFileType = sourcecode.swift; path = LoginViewModel.swift; sourceTree = "<group>"; };
		0E9874602BA9C5FA009E74A7 /* UserService.swift */ = {isa = PBXFileReference; lastKnownFileType = sourcecode.swift; path = UserService.swift; sourceTree = "<group>"; };
		0E9874622BA9C6D9009E74A7 /* SearchViewModel.swift */ = {isa = PBXFileReference; lastKnownFileType = sourcecode.swift; path = SearchViewModel.swift; sourceTree = "<group>"; };
		0E9874662BA9E136009E74A7 /* EditProfieView.swift */ = {isa = PBXFileReference; lastKnownFileType = sourcecode.swift; path = EditProfieView.swift; sourceTree = "<group>"; };
		0E98746B2BA9EB6C009E74A7 /* EditProfileViewModel.swift */ = {isa = PBXFileReference; lastKnownFileType = sourcecode.swift; path = EditProfileViewModel.swift; sourceTree = "<group>"; };
/* End PBXFileReference section */

/* Begin PBXFrameworksBuildPhase section */
		0E2FCC842BA846AF0068402E /* Frameworks */ = {
			isa = PBXFrameworksBuildPhase;
			buildActionMask = 2147483647;
			files = (
				0E2FCCD22BA8CC240068402E /* FirebaseAuth in Frameworks */,
				0E2FCCD82BA8CC240068402E /* FirebaseStorage in Frameworks */,
				0E2FCCD42BA8CC240068402E /* FirebaseFirestore in Frameworks */,
				0E2FCCD62BA8CC240068402E /* FirebaseFirestoreSwift in Frameworks */,
				0E08F13F2BAB01A400C16073 /* Kingfisher in Frameworks */,
			);
			runOnlyForDeploymentPostprocessing = 0;
		};
/* End PBXFrameworksBuildPhase section */

/* Begin PBXGroup section */
		0E08F1462BAB368C00C16073 /* Views */ = {
			isa = PBXGroup;
			children = (
				0E2FCCAA2BA852670068402E /* UserStatViews.swift */,
				0E2FCCB62BA875E10068402E /* IGTextFieldModeifier.swift */,
				0E2FCCC42BA8AA6C0068402E /* PostGridView.swift */,
				0E08F1402BAB01F100C16073 /* CircularProfileImageView.swift */,
			);
			path = Views;
			sourceTree = "<group>";
		};
		0E2FCC7E2BA846AF0068402E = {
			isa = PBXGroup;
			children = (
				0E2FCC892BA846AF0068402E /* Instagram2.0 */,
				0E2FCC882BA846AF0068402E /* Products */,
			);
			sourceTree = "<group>";
		};
		0E2FCC882BA846AF0068402E /* Products */ = {
			isa = PBXGroup;
			children = (
				0E2FCC872BA846AF0068402E /* Instagram2.0.app */,
			);
			name = Products;
			sourceTree = "<group>";
		};
		0E2FCC892BA846AF0068402E /* Instagram2.0 */ = {
			isa = PBXGroup;
			children = (
				0E2FCC9B2BA847100068402E /* App */,
				0E2FCC9A2BA8470B0068402E /* Core */,
				0E2FCC982BA847010068402E /* Extensions */,
				0E2FCC9D2BA847780068402E /* Services */,
				0E2FCC8E2BA846B10068402E /* Assets.xcassets */,
				0E2FCC902BA846B10068402E /* Preview Content */,
				0E2FCCCE2BA8CAC90068402E /* GoogleService-Info.plist */,
			);
			path = Instagram2.0;
			sourceTree = "<group>";
		};
		0E2FCC902BA846B10068402E /* Preview Content */ = {
			isa = PBXGroup;
			children = (
				0E2FCC912BA846B10068402E /* Preview Assets.xcassets */,
			);
			path = "Preview Content";
			sourceTree = "<group>";
		};
		0E2FCC982BA847010068402E /* Extensions */ = {
			isa = PBXGroup;
			children = (
			);
			path = Extensions;
			sourceTree = "<group>";
		};
		0E2FCC9A2BA8470B0068402E /* Core */ = {
			isa = PBXGroup;
			children = (
				0E2FCCA02BA847C10068402E /* Authentificaton */,
				0E2FCCA92BA852450068402E /* Components */,
				0E2FCC9E2BA847B10068402E /* Feed */,
				0E2FCC9F2BA847B70068402E /* Profile */,
				0E2FCC9C2BA847720068402E /* Model */,
				0E2FCCA12BA847CD0068402E /* Root */,
				0E2FCCA22BA847E40068402E /* Search */,
				0E2FCCA32BA848080068402E /* TabBar */,
				0E2FCCA42BA8481B0068402E /* UploadPost */,
			);
			path = Core;
			sourceTree = "<group>";
		};
		0E2FCC9B2BA847100068402E /* App */ = {
			isa = PBXGroup;
			children = (
				0E2FCC8A2BA846AF0068402E /* Instagram2_0App.swift */,
			);
			path = App;
			sourceTree = "<group>";
		};
		0E2FCC9C2BA847720068402E /* Model */ = {
			isa = PBXGroup;
			children = (
				0E2FCCBE2BA87D380068402E /* User.swift */,
				0E2FCCC22BA8A29E0068402E /* Post.swift */,
			);
			path = Model;
			sourceTree = "<group>";
		};
		0E2FCC9D2BA847780068402E /* Services */ = {
			isa = PBXGroup;
			children = (
				0E9874602BA9C5FA009E74A7 /* UserService.swift */,
				0E08F13B2BAAF94400C16073 /* ImageUploader.swift */,
			);
			path = Services;
			sourceTree = "<group>";
		};
		0E2FCC9E2BA847B10068402E /* Feed */ = {
			isa = PBXGroup;
			children = (
				0E2FCCAC2BA859FD0068402E /* FeedView.swift */,
				0E2FCCAE2BA85A0A0068402E /* FeedCell.swift */,
				0E08F1422BAB1D8E00C16073 /* FeedViewModel.swift */,
			);
			path = Feed;
			sourceTree = "<group>";
		};
		0E2FCC9F2BA847B70068402E /* Profile */ = {
			isa = PBXGroup;
			children = (
				0E98746A2BA9EB3A009E74A7 /* View */,
				0E98746B2BA9EB6C009E74A7 /* EditProfileViewModel.swift */,
			);
			path = Profile;
			sourceTree = "<group>";
		};
		0E2FCCA02BA847C10068402E /* Authentificaton */ = {
			isa = PBXGroup;
			children = (
				0E2FCCD92BA8CEEF0068402E /* View */,
				0E9874592BA99A0D009E74A7 /* ViewModel */,
				0E2FCCDA2BA8CF2F0068402E /* Service */,
			);
			path = Authentificaton;
			sourceTree = "<group>";
		};
		0E2FCCA12BA847CD0068402E /* Root */ = {
			isa = PBXGroup;
			children = (
				0E2FCC8C2BA846AF0068402E /* ContentView.swift */,
				0E2FCCDF2BA8D07E0068402E /* ContentViewModel.swift */,
			);
			path = Root;
			sourceTree = "<group>";
		};
		0E2FCCA22BA847E40068402E /* Search */ = {
			isa = PBXGroup;
			children = (
				0E2FCCB02BA861300068402E /* SearchView.swift */,
				0E9874622BA9C6D9009E74A7 /* SearchViewModel.swift */,
			);
			path = Search;
			sourceTree = "<group>";
		};
		0E2FCCA32BA848080068402E /* TabBar */ = {
			isa = PBXGroup;
			children = (
				0E2FCCA52BA848590068402E /* MainTabView.swift */,
			);
			path = TabBar;
			sourceTree = "<group>";
		};
		0E2FCCA42BA8481B0068402E /* UploadPost */ = {
			isa = PBXGroup;
			children = (
				0E2FCCCA2BA8B4C40068402E /* UploadPostView.swift */,
				0E2FCCCC2BA8B7580068402E /* UploadPostViewModel.swift */,
				0E08F1442BAB2E6600C16073 /* PostService.swift */,
			);
			path = UploadPost;
			sourceTree = "<group>";
		};
		0E2FCCA92BA852450068402E /* Components */ = {
			isa = PBXGroup;
			children = (
				0E08F1462BAB368C00C16073 /* Views */,
				0E08F1482BAB36B500C16073 /* PostGridViewModel.swift */,
			);
			path = Components;
			sourceTree = "<group>";
		};
		0E2FCCD92BA8CEEF0068402E /* View */ = {
			isa = PBXGroup;
			children = (
				0E2FCCB22BA864F40068402E /* LoginView.swift */,
				0E2FCCB42BA86EC80068402E /* AddEmail.swift */,
				0E2FCCB82BA876F20068402E /* CreateUsernameView.swift */,
				0E2FCCBA2BA879AD0068402E /* CreatePasswordView.swift */,
				0E2FCCBC2BA87ABA0068402E /* CompleteSignUpView.swift */,
			);
			path = View;
			sourceTree = "<group>";
		};
		0E2FCCDA2BA8CF2F0068402E /* Service */ = {
			isa = PBXGroup;
			children = (
				0E2FCCDB2BA8CF3E0068402E /* AuthService.swift */,
			);
			path = Service;
			sourceTree = "<group>";
		};
		0E9874592BA99A0D009E74A7 /* ViewModel */ = {
			isa = PBXGroup;
			children = (
				0E98745C2BA99A5B009E74A7 /* RegistrationViewModel.swift */,
				0E98745E2BA9AFB2009E74A7 /* LoginViewModel.swift */,
			);
			path = ViewModel;
			sourceTree = "<group>";
		};
		0E98746A2BA9EB3A009E74A7 /* View */ = {
			isa = PBXGroup;
			children = (
				0E2FCCA72BA849840068402E /* ProfileView.swift */,
				0E2FCCC02BA89FA60068402E /* CurrentUserProfileView.swift */,
				0E2FCCC62BA8ACEF0068402E /* ProfileHeaderView.swift */,
				0E9874662BA9E136009E74A7 /* EditProfieView.swift */,
			);
			path = View;
			sourceTree = "<group>";
		};
/* End PBXGroup section */

/* Begin PBXNativeTarget section */
		0E2FCC862BA846AF0068402E /* Instagram2.0 */ = {
			isa = PBXNativeTarget;
			buildConfigurationList = 0E2FCC952BA846B10068402E /* Build configuration list for PBXNativeTarget "Instagram2.0" */;
			buildPhases = (
				0E2FCC832BA846AF0068402E /* Sources */,
				0E2FCC842BA846AF0068402E /* Frameworks */,
				0E2FCC852BA846AF0068402E /* Resources */,
			);
			buildRules = (
			);
			dependencies = (
			);
			name = Instagram2.0;
			packageProductDependencies = (
				0E2FCCD12BA8CC240068402E /* FirebaseAuth */,
				0E2FCCD32BA8CC240068402E /* FirebaseFirestore */,
				0E2FCCD52BA8CC240068402E /* FirebaseFirestoreSwift */,
				0E2FCCD72BA8CC240068402E /* FirebaseStorage */,
				0E08F13E2BAB01A400C16073 /* Kingfisher */,
			);
			productName = Instagram2.0;
			productReference = 0E2FCC872BA846AF0068402E /* Instagram2.0.app */;
			productType = "com.apple.product-type.application";
		};
/* End PBXNativeTarget section */

/* Begin PBXProject section */
		0E2FCC7F2BA846AF0068402E /* Project object */ = {
			isa = PBXProject;
			attributes = {
				BuildIndependentTargetsInParallel = 1;
				LastSwiftUpdateCheck = 1420;
				LastUpgradeCheck = 1420;
				TargetAttributes = {
					0E2FCC862BA846AF0068402E = {
						CreatedOnToolsVersion = 14.2;
					};
				};
			};
			buildConfigurationList = 0E2FCC822BA846AF0068402E /* Build configuration list for PBXProject "Instagram2.0" */;
			compatibilityVersion = "Xcode 14.0";
			developmentRegion = en;
			hasScannedForEncodings = 0;
			knownRegions = (
				en,
				Base,
			);
			mainGroup = 0E2FCC7E2BA846AF0068402E;
			packageReferences = (
				0E2FCCD02BA8CC240068402E /* XCRemoteSwiftPackageReference "firebase-ios-sdk" */,
				0E08F13D2BAB01A400C16073 /* XCRemoteSwiftPackageReference "Kingfisher" */,
			);
			productRefGroup = 0E2FCC882BA846AF0068402E /* Products */;
			projectDirPath = "";
			projectRoot = "";
			targets = (
				0E2FCC862BA846AF0068402E /* Instagram2.0 */,
			);
		};
/* End PBXProject section */

/* Begin PBXResourcesBuildPhase section */
		0E2FCC852BA846AF0068402E /* Resources */ = {
			isa = PBXResourcesBuildPhase;
			buildActionMask = 2147483647;
			files = (
				0E2FCC922BA846B10068402E /* Preview Assets.xcassets in Resources */,
				0E2FCC8F2BA846B10068402E /* Assets.xcassets in Resources */,
				0E2FCCCF2BA8CACA0068402E /* GoogleService-Info.plist in Resources */,
			);
			runOnlyForDeploymentPostprocessing = 0;
		};
/* End PBXResourcesBuildPhase section */

/* Begin PBXSourcesBuildPhase section */
		0E2FCC832BA846AF0068402E /* Sources */ = {
			isa = PBXSourcesBuildPhase;
			buildActionMask = 2147483647;
			files = (
				0E9874612BA9C5FA009E74A7 /* UserService.swift in Sources */,
				0E2FCCAF2BA85A0A0068402E /* FeedCell.swift in Sources */,
				0E2FCCCB2BA8B4C40068402E /* UploadPostView.swift in Sources */,
				0E2FCCA82BA849840068402E /* ProfileView.swift in Sources */,
				0E2FCCB52BA86EC80068402E /* AddEmail.swift in Sources */,
				0E98746C2BA9EB6C009E74A7 /* EditProfileViewModel.swift in Sources */,
				0E2FCCAB2BA852670068402E /* UserStatViews.swift in Sources */,
				0E2FCCDC2BA8CF3E0068402E /* AuthService.swift in Sources */,
				0E2FCCC32BA8A29E0068402E /* Post.swift in Sources */,
				0E2FCCB32BA864F40068402E /* LoginView.swift in Sources */,
				0E2FCCC12BA89FA60068402E /* CurrentUserProfileView.swift in Sources */,
				0E9874632BA9C6D9009E74A7 /* SearchViewModel.swift in Sources */,
				0E2FCC8D2BA846AF0068402E /* ContentView.swift in Sources */,
				0E2FCCC52BA8AA6C0068402E /* PostGridView.swift in Sources */,
				0E08F1432BAB1D8E00C16073 /* FeedViewModel.swift in Sources */,
				0E9874672BA9E136009E74A7 /* EditProfieView.swift in Sources */,
				0E08F1452BAB2E6600C16073 /* PostService.swift in Sources */,
				0E2FCCB72BA875E10068402E /* IGTextFieldModeifier.swift in Sources */,
				0E08F1492BAB36B500C16073 /* PostGridViewModel.swift in Sources */,
				0E2FCCE02BA8D07E0068402E /* ContentViewModel.swift in Sources */,
				0E08F13C2BAAF94400C16073 /* ImageUploader.swift in Sources */,
				0E98745F2BA9AFB2009E74A7 /* LoginViewModel.swift in Sources */,
				0E2FCCCD2BA8B7580068402E /* UploadPostViewModel.swift in Sources */,
				0E2FCCC72BA8ACEF0068402E /* ProfileHeaderView.swift in Sources */,
				0E2FCCBD2BA87ABA0068402E /* CompleteSignUpView.swift in Sources */,
				0E98745D2BA99A5B009E74A7 /* RegistrationViewModel.swift in Sources */,
				0E2FCCBF2BA87D380068402E /* User.swift in Sources */,
				0E2FCCB12BA861310068402E /* SearchView.swift in Sources */,
				0E2FCCB92BA876F20068402E /* CreateUsernameView.swift in Sources */,
				0E2FCC8B2BA846AF0068402E /* Instagram2_0App.swift in Sources */,
				0E08F1412BAB01F100C16073 /* CircularProfileImageView.swift in Sources */,
				0E2FCCAD2BA859FD0068402E /* FeedView.swift in Sources */,
				0E2FCCA62BA848590068402E /* MainTabView.swift in Sources */,
				0E2FCCBB2BA879AD0068402E /* CreatePasswordView.swift in Sources */,
			);
			runOnlyForDeploymentPostprocessing = 0;
		};
/* End PBXSourcesBuildPhase section */

/* Begin XCBuildConfiguration section */
		0E2FCC932BA846B10068402E /* Debug */ = {
			isa = XCBuildConfiguration;
			buildSettings = {
				ALWAYS_SEARCH_USER_PATHS = NO;
				CLANG_ANALYZER_NONNULL = YES;
				CLANG_ANALYZER_NUMBER_OBJECT_CONVERSION = YES_AGGRESSIVE;
				CLANG_CXX_LANGUAGE_STANDARD = "gnu++20";
				CLANG_ENABLE_MODULES = YES;
				CLANG_ENABLE_OBJC_ARC = YES;
				CLANG_ENABLE_OBJC_WEAK = YES;
				CLANG_WARN_BLOCK_CAPTURE_AUTORELEASING = YES;
				CLANG_WARN_BOOL_CONVERSION = YES;
				CLANG_WARN_COMMA = YES;
				CLANG_WARN_CONSTANT_CONVERSION = YES;
				CLANG_WARN_DEPRECATED_OBJC_IMPLEMENTATIONS = YES;
				CLANG_WARN_DIRECT_OBJC_ISA_USAGE = YES_ERROR;
				CLANG_WARN_DOCUMENTATION_COMMENTS = YES;
				CLANG_WARN_EMPTY_BODY = YES;
				CLANG_WARN_ENUM_CONVERSION = YES;
				CLANG_WARN_INFINITE_RECURSION = YES;
				CLANG_WARN_INT_CONVERSION = YES;
				CLANG_WARN_NON_LITERAL_NULL_CONVERSION = YES;
				CLANG_WARN_OBJC_IMPLICIT_RETAIN_SELF = YES;
				CLANG_WARN_OBJC_LITERAL_CONVERSION = YES;
				CLANG_WARN_OBJC_ROOT_CLASS = YES_ERROR;
				CLANG_WARN_QUOTED_INCLUDE_IN_FRAMEWORK_HEADER = YES;
				CLANG_WARN_RANGE_LOOP_ANALYSIS = YES;
				CLANG_WARN_STRICT_PROTOTYPES = YES;
				CLANG_WARN_SUSPICIOUS_MOVE = YES;
				CLANG_WARN_UNGUARDED_AVAILABILITY = YES_AGGRESSIVE;
				CLANG_WARN_UNREACHABLE_CODE = YES;
				CLANG_WARN__DUPLICATE_METHOD_MATCH = YES;
				COPY_PHASE_STRIP = NO;
				DEBUG_INFORMATION_FORMAT = dwarf;
				ENABLE_STRICT_OBJC_MSGSEND = YES;
				ENABLE_TESTABILITY = YES;
				GCC_C_LANGUAGE_STANDARD = gnu11;
				GCC_DYNAMIC_NO_PIC = NO;
				GCC_NO_COMMON_BLOCKS = YES;
				GCC_OPTIMIZATION_LEVEL = 0;
				GCC_PREPROCESSOR_DEFINITIONS = (
					"DEBUG=1",
					"$(inherited)",
				);
				GCC_WARN_64_TO_32_BIT_CONVERSION = YES;
				GCC_WARN_ABOUT_RETURN_TYPE = YES_ERROR;
				GCC_WARN_UNDECLARED_SELECTOR = YES;
				GCC_WARN_UNINITIALIZED_AUTOS = YES_AGGRESSIVE;
				GCC_WARN_UNUSED_FUNCTION = YES;
				GCC_WARN_UNUSED_VARIABLE = YES;
				IPHONEOS_DEPLOYMENT_TARGET = 16.2;
				MTL_ENABLE_DEBUG_INFO = INCLUDE_SOURCE;
				MTL_FAST_MATH = YES;
				ONLY_ACTIVE_ARCH = YES;
				SDKROOT = iphoneos;
				SWIFT_ACTIVE_COMPILATION_CONDITIONS = DEBUG;
				SWIFT_OPTIMIZATION_LEVEL = "-Onone";
			};
			name = Debug;
		};
		0E2FCC942BA846B10068402E /* Release */ = {
			isa = XCBuildConfiguration;
			buildSettings = {
				ALWAYS_SEARCH_USER_PATHS = NO;
				CLANG_ANALYZER_NONNULL = YES;
				CLANG_ANALYZER_NUMBER_OBJECT_CONVERSION = YES_AGGRESSIVE;
				CLANG_CXX_LANGUAGE_STANDARD = "gnu++20";
				CLANG_ENABLE_MODULES = YES;
				CLANG_ENABLE_OBJC_ARC = YES;
				CLANG_ENABLE_OBJC_WEAK = YES;
				CLANG_WARN_BLOCK_CAPTURE_AUTORELEASING = YES;
				CLANG_WARN_BOOL_CONVERSION = YES;
				CLANG_WARN_COMMA = YES;
				CLANG_WARN_CONSTANT_CONVERSION = YES;
				CLANG_WARN_DEPRECATED_OBJC_IMPLEMENTATIONS = YES;
				CLANG_WARN_DIRECT_OBJC_ISA_USAGE = YES_ERROR;
				CLANG_WARN_DOCUMENTATION_COMMENTS = YES;
				CLANG_WARN_EMPTY_BODY = YES;
				CLANG_WARN_ENUM_CONVERSION = YES;
				CLANG_WARN_INFINITE_RECURSION = YES;
				CLANG_WARN_INT_CONVERSION = YES;
				CLANG_WARN_NON_LITERAL_NULL_CONVERSION = YES;
				CLANG_WARN_OBJC_IMPLICIT_RETAIN_SELF = YES;
				CLANG_WARN_OBJC_LITERAL_CONVERSION = YES;
				CLANG_WARN_OBJC_ROOT_CLASS = YES_ERROR;
				CLANG_WARN_QUOTED_INCLUDE_IN_FRAMEWORK_HEADER = YES;
				CLANG_WARN_RANGE_LOOP_ANALYSIS = YES;
				CLANG_WARN_STRICT_PROTOTYPES = YES;
				CLANG_WARN_SUSPICIOUS_MOVE = YES;
				CLANG_WARN_UNGUARDED_AVAILABILITY = YES_AGGRESSIVE;
				CLANG_WARN_UNREACHABLE_CODE = YES;
				CLANG_WARN__DUPLICATE_METHOD_MATCH = YES;
				COPY_PHASE_STRIP = NO;
				DEBUG_INFORMATION_FORMAT = "dwarf-with-dsym";
				ENABLE_NS_ASSERTIONS = NO;
				ENABLE_STRICT_OBJC_MSGSEND = YES;
				GCC_C_LANGUAGE_STANDARD = gnu11;
				GCC_NO_COMMON_BLOCKS = YES;
				GCC_WARN_64_TO_32_BIT_CONVERSION = YES;
				GCC_WARN_ABOUT_RETURN_TYPE = YES_ERROR;
				GCC_WARN_UNDECLARED_SELECTOR = YES;
				GCC_WARN_UNINITIALIZED_AUTOS = YES_AGGRESSIVE;
				GCC_WARN_UNUSED_FUNCTION = YES;
				GCC_WARN_UNUSED_VARIABLE = YES;
				IPHONEOS_DEPLOYMENT_TARGET = 16.2;
				MTL_ENABLE_DEBUG_INFO = NO;
				MTL_FAST_MATH = YES;
				SDKROOT = iphoneos;
				SWIFT_COMPILATION_MODE = wholemodule;
				SWIFT_OPTIMIZATION_LEVEL = "-O";
				VALIDATE_PRODUCT = YES;
			};
			name = Release;
		};
		0E2FCC962BA846B10068402E /* Debug */ = {
			isa = XCBuildConfiguration;
			buildSettings = {
				ASSETCATALOG_COMPILER_APPICON_NAME = AppIcon;
				ASSETCATALOG_COMPILER_GLOBAL_ACCENT_COLOR_NAME = AccentColor;
				CODE_SIGN_STYLE = Automatic;
				CURRENT_PROJECT_VERSION = 1;
				DEVELOPMENT_ASSET_PATHS = "\"Instagram2.0/Preview Content\"";
				DEVELOPMENT_TEAM = 5ZQD66TR3H;
				ENABLE_PREVIEWS = YES;
				GENERATE_INFOPLIST_FILE = YES;
				INFOPLIST_KEY_UIApplicationSceneManifest_Generation = YES;
				INFOPLIST_KEY_UIApplicationSupportsIndirectInputEvents = YES;
				INFOPLIST_KEY_UILaunchScreen_Generation = YES;
				INFOPLIST_KEY_UISupportedInterfaceOrientations_iPad = "UIInterfaceOrientationPortrait UIInterfaceOrientationPortraitUpsideDown UIInterfaceOrientationLandscapeLeft UIInterfaceOrientationLandscapeRight";
				INFOPLIST_KEY_UISupportedInterfaceOrientations_iPhone = "UIInterfaceOrientationPortrait UIInterfaceOrientationLandscapeLeft UIInterfaceOrientationLandscapeRight";
				LD_RUNPATH_SEARCH_PATHS = (
					"$(inherited)",
					"@executable_path/Frameworks",
				);
				MARKETING_VERSION = 1.0;
				PRODUCT_BUNDLE_IDENTIFIER = "Dan-Hozan.Instagram2-0";
				PRODUCT_NAME = "$(TARGET_NAME)";
				SWIFT_EMIT_LOC_STRINGS = YES;
				SWIFT_VERSION = 5.0;
				TARGETED_DEVICE_FAMILY = "1,2";
			};
			name = Debug;
		};
		0E2FCC972BA846B10068402E /* Release */ = {
			isa = XCBuildConfiguration;
			buildSettings = {
				ASSETCATALOG_COMPILER_APPICON_NAME = AppIcon;
				ASSETCATALOG_COMPILER_GLOBAL_ACCENT_COLOR_NAME = AccentColor;
				CODE_SIGN_STYLE = Automatic;
				CURRENT_PROJECT_VERSION = 1;
				DEVELOPMENT_ASSET_PATHS = "\"Instagram2.0/Preview Content\"";
				DEVELOPMENT_TEAM = 5ZQD66TR3H;
				ENABLE_PREVIEWS = YES;
				GENERATE_INFOPLIST_FILE = YES;
				INFOPLIST_KEY_UIApplicationSceneManifest_Generation = YES;
				INFOPLIST_KEY_UIApplicationSupportsIndirectInputEvents = YES;
				INFOPLIST_KEY_UILaunchScreen_Generation = YES;
				INFOPLIST_KEY_UISupportedInterfaceOrientations_iPad = "UIInterfaceOrientationPortrait UIInterfaceOrientationPortraitUpsideDown UIInterfaceOrientationLandscapeLeft UIInterfaceOrientationLandscapeRight";
				INFOPLIST_KEY_UISupportedInterfaceOrientations_iPhone = "UIInterfaceOrientationPortrait UIInterfaceOrientationLandscapeLeft UIInterfaceOrientationLandscapeRight";
				LD_RUNPATH_SEARCH_PATHS = (
					"$(inherited)",
					"@executable_path/Frameworks",
				);
				MARKETING_VERSION = 1.0;
				PRODUCT_BUNDLE_IDENTIFIER = "Dan-Hozan.Instagram2-0";
				PRODUCT_NAME = "$(TARGET_NAME)";
				SWIFT_EMIT_LOC_STRINGS = YES;
				SWIFT_VERSION = 5.0;
				TARGETED_DEVICE_FAMILY = "1,2";
			};
			name = Release;
		};
/* End XCBuildConfiguration section */

/* Begin XCConfigurationList section */
		0E2FCC822BA846AF0068402E /* Build configuration list for PBXProject "Instagram2.0" */ = {
			isa = XCConfigurationList;
			buildConfigurations = (
				0E2FCC932BA846B10068402E /* Debug */,
				0E2FCC942BA846B10068402E /* Release */,
			);
			defaultConfigurationIsVisible = 0;
			defaultConfigurationName = Release;
		};
		0E2FCC952BA846B10068402E /* Build configuration list for PBXNativeTarget "Instagram2.0" */ = {
			isa = XCConfigurationList;
			buildConfigurations = (
				0E2FCC962BA846B10068402E /* Debug */,
				0E2FCC972BA846B10068402E /* Release */,
			);
			defaultConfigurationIsVisible = 0;
			defaultConfigurationName = Release;
		};
/* End XCConfigurationList section */

/* Begin XCRemoteSwiftPackageReference section */
		0E08F13D2BAB01A400C16073 /* XCRemoteSwiftPackageReference "Kingfisher" */ = {
			isa = XCRemoteSwiftPackageReference;
			repositoryURL = "https://github.com/onevcat/Kingfisher.git";
			requirement = {
				branch = master;
				kind = branch;
			};
		};
		0E2FCCD02BA8CC240068402E /* XCRemoteSwiftPackageReference "firebase-ios-sdk" */ = {
			isa = XCRemoteSwiftPackageReference;
			repositoryURL = "https://github.com/firebase/firebase-ios-sdk.git";
			requirement = {
				kind = upToNextMajorVersion;
				minimumVersion = 9.0.0;
			};
		};
/* End XCRemoteSwiftPackageReference section */

/* Begin XCSwiftPackageProductDependency section */
		0E08F13E2BAB01A400C16073 /* Kingfisher */ = {
			isa = XCSwiftPackageProductDependency;
			package = 0E08F13D2BAB01A400C16073 /* XCRemoteSwiftPackageReference "Kingfisher" */;
			productName = Kingfisher;
		};
		0E2FCCD12BA8CC240068402E /* FirebaseAuth */ = {
			isa = XCSwiftPackageProductDependency;
			package = 0E2FCCD02BA8CC240068402E /* XCRemoteSwiftPackageReference "firebase-ios-sdk" */;
			productName = FirebaseAuth;
		};
		0E2FCCD32BA8CC240068402E /* FirebaseFirestore */ = {
			isa = XCSwiftPackageProductDependency;
			package = 0E2FCCD02BA8CC240068402E /* XCRemoteSwiftPackageReference "firebase-ios-sdk" */;
			productName = FirebaseFirestore;
		};
		0E2FCCD52BA8CC240068402E /* FirebaseFirestoreSwift */ = {
			isa = XCSwiftPackageProductDependency;
			package = 0E2FCCD02BA8CC240068402E /* XCRemoteSwiftPackageReference "firebase-ios-sdk" */;
			productName = FirebaseFirestoreSwift;
		};
		0E2FCCD72BA8CC240068402E /* FirebaseStorage */ = {
			isa = XCSwiftPackageProductDependency;
			package = 0E2FCCD02BA8CC240068402E /* XCRemoteSwiftPackageReference "firebase-ios-sdk" */;
			productName = FirebaseStorage;
		};
/* End XCSwiftPackageProductDependency section */
	};
	rootObject = 0E2FCC7F2BA846AF0068402E /* Project object */;
}
